
Microsoft Visual Studio Solution File, Format Version 12.00
# Visual Studio Version 16
VisualStudioVersion = 16.0.31402.337
MinimumVisualStudioVersion = 10.0.40219.1
Project("{FAE04EC0-301F-11D3-BF4B-00C04F79EFBC}") = "Gubolin_Pedroso_MVC", "Gubolin_Pedroso_MVC\Gubolin_Pedroso_MVC.csproj", "{D8F6DE12-3974-4CB8-8F10-AF7F4EB28AFE}"
EndProject
Global
	GlobalSection(SolutionConfigurationPlatforms) = preSolution
		Debug|Any CPU = Debug|Any CPU
		Release|Any CPU = Release|Any CPU
	EndGlobalSection
	GlobalSection(ProjectConfigurationPlatforms) = postSolution
		{D8F6DE12-3974-4CB8-8F10-AF7F4EB28AFE}.Debug|Any CPU.ActiveCfg = Debug|Any CPU
		{D8F6DE12-3974-4CB8-8F10-AF7F4EB28AFE}.Debug|Any CPU.Build.0 = Debug|Any CPU
		{D8F6DE12-3974-4CB8-8F10-AF7F4EB28AFE}.Release|Any CPU.ActiveCfg = Release|Any CPU
		{D8F6DE12-3974-4CB8-8F10-AF7F4EB28AFE}.Release|Any CPU.Build.0 = Release|Any CPU
	EndGlobalSection
	GlobalSection(SolutionProperties) = preSolution
		HideSolutionNode = FALSE
	EndGlobalSection
	GlobalSection(ExtensibilityGlobals) = postSolution
		SolutionGuid = {D85092B0-8B4D-45C8-BF34-25C849127322}
	EndGlobalSection
EndGlobal
