
Microsoft Visual Studio Solution File, Format Version 12.00
# Visual Studio Version 16
VisualStudioVersion = 16.0.31402.337
MinimumVisualStudioVersion = 10.0.40219.1
Project("{FAE04EC0-301F-11D3-BF4B-00C04F79EFBC}") = "LoopFor", "LoopFor\LoopFor.csproj", "{40BFB80E-B0B5-4AA7-A8EF-D40FC026379E}"
EndProject
Global
	GlobalSection(SolutionConfigurationPlatforms) = preSolution
		Debug|Any CPU = Debug|Any CPU
		Release|Any CPU = Release|Any CPU
	EndGlobalSection
	GlobalSection(ProjectConfigurationPlatforms) = postSolution
		{40BFB80E-B0B5-4AA7-A8EF-D40FC026379E}.Debug|Any CPU.ActiveCfg = Debug|Any CPU
		{40BFB80E-B0B5-4AA7-A8EF-D40FC026379E}.Debug|Any CPU.Build.0 = Debug|Any CPU
		{40BFB80E-B0B5-4AA7-A8EF-D40FC026379E}.Release|Any CPU.ActiveCfg = Release|Any CPU
		{40BFB80E-B0B5-4AA7-A8EF-D40FC026379E}.Release|Any CPU.Build.0 = Release|Any CPU
	EndGlobalSection
	GlobalSection(SolutionProperties) = preSolution
		HideSolutionNode = FALSE
	EndGlobalSection
	GlobalSection(ExtensibilityGlobals) = postSolution
		SolutionGuid = {CAE44FCC-B0E3-4D48-AFB0-40CCAEBC514A}
	EndGlobalSection
EndGlobal
