
Microsoft Visual Studio Solution File, Format Version 12.00
# Visual Studio Version 16
VisualStudioVersion = 16.0.31402.337
MinimumVisualStudioVersion = 10.0.40219.1
Project("{FAE04EC0-301F-11D3-BF4B-00C04F79EFBC}") = "Aula_4_PilaresdeOO", "Aula_4_PilaresdeOO\Aula_4_PilaresdeOO.csproj", "{A478138D-72FF-483A-8A39-036FCA3FD24E}"
EndProject
Global
	GlobalSection(SolutionConfigurationPlatforms) = preSolution
		Debug|Any CPU = Debug|Any CPU
		Release|Any CPU = Release|Any CPU
	EndGlobalSection
	GlobalSection(ProjectConfigurationPlatforms) = postSolution
		{A478138D-72FF-483A-8A39-036FCA3FD24E}.Debug|Any CPU.ActiveCfg = Debug|Any CPU
		{A478138D-72FF-483A-8A39-036FCA3FD24E}.Debug|Any CPU.Build.0 = Debug|Any CPU
		{A478138D-72FF-483A-8A39-036FCA3FD24E}.Release|Any CPU.ActiveCfg = Release|Any CPU
		{A478138D-72FF-483A-8A39-036FCA3FD24E}.Release|Any CPU.Build.0 = Release|Any CPU
	EndGlobalSection
	GlobalSection(SolutionProperties) = preSolution
		HideSolutionNode = FALSE
	EndGlobalSection
	GlobalSection(ExtensibilityGlobals) = postSolution
		SolutionGuid = {4B7EEA10-82A8-402F-B8B8-8DC21F96D160}
	EndGlobalSection
EndGlobal
