
Microsoft Visual Studio Solution File, Format Version 12.00
# Visual Studio Version 16
VisualStudioVersion = 16.0.31402.337
MinimumVisualStudioVersion = 10.0.40219.1
Project("{FAE04EC0-301F-11D3-BF4B-00C04F79EFBC}") = "MatriculaAluno", "MatriculaAluno\MatriculaAluno.csproj", "{59B26832-72CC-4D00-8572-34BA61F67836}"
EndProject
Global
	GlobalSection(SolutionConfigurationPlatforms) = preSolution
		Debug|Any CPU = Debug|Any CPU
		Release|Any CPU = Release|Any CPU
	EndGlobalSection
	GlobalSection(ProjectConfigurationPlatforms) = postSolution
		{59B26832-72CC-4D00-8572-34BA61F67836}.Debug|Any CPU.ActiveCfg = Debug|Any CPU
		{59B26832-72CC-4D00-8572-34BA61F67836}.Debug|Any CPU.Build.0 = Debug|Any CPU
		{59B26832-72CC-4D00-8572-34BA61F67836}.Release|Any CPU.ActiveCfg = Release|Any CPU
		{59B26832-72CC-4D00-8572-34BA61F67836}.Release|Any CPU.Build.0 = Release|Any CPU
	EndGlobalSection
	GlobalSection(SolutionProperties) = preSolution
		HideSolutionNode = FALSE
	EndGlobalSection
	GlobalSection(ExtensibilityGlobals) = postSolution
		SolutionGuid = {AAE235E2-5A77-471D-9B05-99821F8B2A3F}
	EndGlobalSection
EndGlobal
