
Microsoft Visual Studio Solution File, Format Version 12.00
# Visual Studio Version 16
VisualStudioVersion = 16.0.32002.261
MinimumVisualStudioVersion = 10.0.40219.1
Project("{FAE04EC0-301F-11D3-BF4B-00C04F79EFBC}") = "Unibikers.App.UWP", "Unibikers.App.UWP\Unibikers.App.UWP.csproj", "{AEBEAAFF-A1D2-493F-96BA-F2AC6C578D35}"
EndProject
Project("{FAE04EC0-301F-11D3-BF4B-00C04F79EFBC}") = "Unibikers.App.Android", "Unibikers.App.Android\Unibikers.App.Android.csproj", "{CFC4FB26-9BF6-4941-8750-275D0DA44B46}"
EndProject
Project("{FAE04EC0-301F-11D3-BF4B-00C04F79EFBC}") = "Unibikers.App.iOS", "Unibikers.App.iOS\Unibikers.App.iOS.csproj", "{1DE99102-0D94-4116-A99A-FE35C42E9344}"
EndProject
Project("{9A19103F-16F7-4668-BE54-9A1E7A4F7556}") = "Unibikers.App", "Unibikers.App\Unibikers.App.csproj", "{172BF22A-D35A-48D7-94A9-DC1604622A02}"
EndProject
Global
	GlobalSection(SolutionConfigurationPlatforms) = preSolution
		Debug|Any CPU = Debug|Any CPU
		Debug|ARM = Debug|ARM
		Debug|iPhone = Debug|iPhone
		Debug|iPhoneSimulator = Debug|iPhoneSimulator
		Debug|x64 = Debug|x64
		Debug|x86 = Debug|x86
		Release|Any CPU = Release|Any CPU
		Release|ARM = Release|ARM
		Release|iPhone = Release|iPhone
		Release|iPhoneSimulator = Release|iPhoneSimulator
		Release|x64 = Release|x64
		Release|x86 = Release|x86
	EndGlobalSection
	GlobalSection(ProjectConfigurationPlatforms) = postSolution
		{AEBEAAFF-A1D2-493F-96BA-F2AC6C578D35}.Debug|Any CPU.ActiveCfg = Debug|x86
		{AEBEAAFF-A1D2-493F-96BA-F2AC6C578D35}.Debug|Any CPU.Build.0 = Debug|x86
		{AEBEAAFF-A1D2-493F-96BA-F2AC6C578D35}.Debug|Any CPU.Deploy.0 = Debug|x86
		{AEBEAAFF-A1D2-493F-96BA-F2AC6C578D35}.Debug|ARM.ActiveCfg = Debug|ARM
		{AEBEAAFF-A1D2-493F-96BA-F2AC6C578D35}.Debug|ARM.Build.0 = Debug|ARM
		{AEBEAAFF-A1D2-493F-96BA-F2AC6C578D35}.Debug|ARM.Deploy.0 = Debug|ARM
		{AEBEAAFF-A1D2-493F-96BA-F2AC6C578D35}.Debug|iPhone.ActiveCfg = Debug|x86
		{AEBEAAFF-A1D2-493F-96BA-F2AC6C578D35}.Debug|iPhone.Build.0 = Debug|x86
		{AEBEAAFF-A1D2-493F-96BA-F2AC6C578D35}.Debug|iPhone.Deploy.0 = Debug|x86
		{AEBEAAFF-A1D2-493F-96BA-F2AC6C578D35}.Debug|iPhoneSimulator.ActiveCfg = Debug|x86
		{AEBEAAFF-A1D2-493F-96BA-F2AC6C578D35}.Debug|iPhoneSimulator.Build.0 = Debug|x86
		{AEBEAAFF-A1D2-493F-96BA-F2AC6C578D35}.Debug|iPhoneSimulator.Deploy.0 = Debug|x86
		{AEBEAAFF-A1D2-493F-96BA-F2AC6C578D35}.Debug|x64.ActiveCfg = Debug|x64
		{AEBEAAFF-A1D2-493F-96BA-F2AC6C578D35}.Debug|x64.Build.0 = Debug|x64
		{AEBEAAFF-A1D2-493F-96BA-F2AC6C578D35}.Debug|x64.Deploy.0 = Debug|x64
		{AEBEAAFF-A1D2-493F-96BA-F2AC6C578D35}.Debug|x86.ActiveCfg = Debug|x86
		{AEBEAAFF-A1D2-493F-96BA-F2AC6C578D35}.Debug|x86.Build.0 = Debug|x86
		{AEBEAAFF-A1D2-493F-96BA-F2AC6C578D35}.Debug|x86.Deploy.0 = Debug|x86
		{AEBEAAFF-A1D2-493F-96BA-F2AC6C578D35}.Release|Any CPU.ActiveCfg = Release|x86
		{AEBEAAFF-A1D2-493F-96BA-F2AC6C578D35}.Release|Any CPU.Build.0 = Release|x86
		{AEBEAAFF-A1D2-493F-96BA-F2AC6C578D35}.Release|Any CPU.Deploy.0 = Release|x86
		{AEBEAAFF-A1D2-493F-96BA-F2AC6C578D35}.Release|ARM.ActiveCfg = Release|ARM
		{AEBEAAFF-A1D2-493F-96BA-F2AC6C578D35}.Release|ARM.Build.0 = Release|ARM
		{AEBEAAFF-A1D2-493F-96BA-F2AC6C578D35}.Release|ARM.Deploy.0 = Release|ARM
		{AEBEAAFF-A1D2-493F-96BA-F2AC6C578D35}.Release|iPhone.ActiveCfg = Release|x86
		{AEBEAAFF-A1D2-493F-96BA-F2AC6C578D35}.Release|iPhone.Build.0 = Release|x86
		{AEBEAAFF-A1D2-493F-96BA-F2AC6C578D35}.Release|iPhone.Deploy.0 = Release|x86
		{AEBEAAFF-A1D2-493F-96BA-F2AC6C578D35}.Release|iPhoneSimulator.ActiveCfg = Release|x86
		{AEBEAAFF-A1D2-493F-96BA-F2AC6C578D35}.Release|iPhoneSimulator.Build.0 = Release|x86
		{AEBEAAFF-A1D2-493F-96BA-F2AC6C578D35}.Release|iPhoneSimulator.Deploy.0 = Release|x86
		{AEBEAAFF-A1D2-493F-96BA-F2AC6C578D35}.Release|x64.ActiveCfg = Release|x64
		{AEBEAAFF-A1D2-493F-96BA-F2AC6C578D35}.Release|x64.Build.0 = Release|x64
		{AEBEAAFF-A1D2-493F-96BA-F2AC6C578D35}.Release|x64.Deploy.0 = Release|x64
		{AEBEAAFF-A1D2-493F-96BA-F2AC6C578D35}.Release|x86.ActiveCfg = Release|x86
		{AEBEAAFF-A1D2-493F-96BA-F2AC6C578D35}.Release|x86.Build.0 = Release|x86
		{AEBEAAFF-A1D2-493F-96BA-F2AC6C578D35}.Release|x86.Deploy.0 = Release|x86
		{CFC4FB26-9BF6-4941-8750-275D0DA44B46}.Debug|Any CPU.ActiveCfg = Debug|Any CPU
		{CFC4FB26-9BF6-4941-8750-275D0DA44B46}.Debug|Any CPU.Build.0 = Debug|Any CPU
		{CFC4FB26-9BF6-4941-8750-275D0DA44B46}.Debug|Any CPU.Deploy.0 = Debug|Any CPU
		{CFC4FB26-9BF6-4941-8750-275D0DA44B46}.Debug|ARM.ActiveCfg = Debug|Any CPU
		{CFC4FB26-9BF6-4941-8750-275D0DA44B46}.Debug|ARM.Build.0 = Debug|Any CPU
		{CFC4FB26-9BF6-4941-8750-275D0DA44B46}.Debug|ARM.Deploy.0 = Debug|Any CPU
		{CFC4FB26-9BF6-4941-8750-275D0DA44B46}.Debug|iPhone.ActiveCfg = Debug|Any CPU
		{CFC4FB26-9BF6-4941-8750-275D0DA44B46}.Debug|iPhone.Build.0 = Debug|Any CPU
		{CFC4FB26-9BF6-4941-8750-275D0DA44B46}.Debug|iPhone.Deploy.0 = Debug|Any CPU
		{CFC4FB26-9BF6-4941-8750-275D0DA44B46}.Debug|iPhoneSimulator.ActiveCfg = Debug|Any CPU
		{CFC4FB26-9BF6-4941-8750-275D0DA44B46}.Debug|iPhoneSimulator.Build.0 = Debug|Any CPU
		{CFC4FB26-9BF6-4941-8750-275D0DA44B46}.Debug|iPhoneSimulator.Deploy.0 = Debug|Any CPU
		{CFC4FB26-9BF6-4941-8750-275D0DA44B46}.Debug|x64.ActiveCfg = Debug|Any CPU
		{CFC4FB26-9BF6-4941-8750-275D0DA44B46}.Debug|x64.Build.0 = Debug|Any CPU
		{CFC4FB26-9BF6-4941-8750-275D0DA44B46}.Debug|x64.Deploy.0 = Debug|Any CPU
		{CFC4FB26-9BF6-4941-8750-275D0DA44B46}.Debug|x86.ActiveCfg = Debug|Any CPU
		{CFC4FB26-9BF6-4941-8750-275D0DA44B46}.Debug|x86.Build.0 = Debug|Any CPU
		{CFC4FB26-9BF6-4941-8750-275D0DA44B46}.Debug|x86.Deploy.0 = Debug|Any CPU
		{CFC4FB26-9BF6-4941-8750-275D0DA44B46}.Release|Any CPU.ActiveCfg = Release|Any CPU
		{CFC4FB26-9BF6-4941-8750-275D0DA44B46}.Release|Any CPU.Build.0 = Release|Any CPU
		{CFC4FB26-9BF6-4941-8750-275D0DA44B46}.Release|Any CPU.Deploy.0 = Release|Any CPU
		{CFC4FB26-9BF6-4941-8750-275D0DA44B46}.Release|ARM.ActiveCfg = Release|Any CPU
		{CFC4FB26-9BF6-4941-8750-275D0DA44B46}.Release|ARM.Build.0 = Release|Any CPU
		{CFC4FB26-9BF6-4941-8750-275D0DA44B46}.Release|ARM.Deploy.0 = Release|Any CPU
		{CFC4FB26-9BF6-4941-8750-275D0DA44B46}.Release|iPhone.ActiveCfg = Release|Any CPU
		{CFC4FB26-9BF6-4941-8750-275D0DA44B46}.Release|iPhone.Build.0 = Release|Any CPU
		{CFC4FB26-9BF6-4941-8750-275D0DA44B46}.Release|iPhone.Deploy.0 = Release|Any CPU
		{CFC4FB26-9BF6-4941-8750-275D0DA44B46}.Release|iPhoneSimulator.ActiveCfg = Release|Any CPU
		{CFC4FB26-9BF6-4941-8750-275D0DA44B46}.Release|iPhoneSimulator.Build.0 = Release|Any CPU
		{CFC4FB26-9BF6-4941-8750-275D0DA44B46}.Release|iPhoneSimulator.Deploy.0 = Release|Any CPU
		{CFC4FB26-9BF6-4941-8750-275D0DA44B46}.Release|x64.ActiveCfg = Release|Any CPU
		{CFC4FB26-9BF6-4941-8750-275D0DA44B46}.Release|x64.Build.0 = Release|Any CPU
		{CFC4FB26-9BF6-4941-8750-275D0DA44B46}.Release|x64.Deploy.0 = Release|Any CPU
		{CFC4FB26-9BF6-4941-8750-275D0DA44B46}.Release|x86.ActiveCfg = Release|Any CPU
		{CFC4FB26-9BF6-4941-8750-275D0DA44B46}.Release|x86.Build.0 = Release|Any CPU
		{CFC4FB26-9BF6-4941-8750-275D0DA44B46}.Release|x86.Deploy.0 = Release|Any CPU
		{1DE99102-0D94-4116-A99A-FE35C42E9344}.Debug|Any CPU.ActiveCfg = Debug|iPhoneSimulator
		{1DE99102-0D94-4116-A99A-FE35C42E9344}.Debug|Any CPU.Build.0 = Debug|iPhoneSimulator
		{1DE99102-0D94-4116-A99A-FE35C42E9344}.Debug|Any CPU.Deploy.0 = Debug|iPhoneSimulator
		{1DE99102-0D94-4116-A99A-FE35C42E9344}.Debug|ARM.ActiveCfg = Debug|iPhone
		{1DE99102-0D94-4116-A99A-FE35C42E9344}.Debug|ARM.Build.0 = Debug|iPhone
		{1DE99102-0D94-4116-A99A-FE35C42E9344}.Debug|ARM.Deploy.0 = Debug|iPhone
		{1DE99102-0D94-4116-A99A-FE35C42E9344}.Debug|iPhone.ActiveCfg = Debug|iPhone
		{1DE99102-0D94-4116-A99A-FE35C42E9344}.Debug|iPhone.Build.0 = Debug|iPhone
		{1DE99102-0D94-4116-A99A-FE35C42E9344}.Debug|iPhone.Deploy.0 = Debug|iPhone
		{1DE99102-0D94-4116-A99A-FE35C42E9344}.Debug|iPhoneSimulator.ActiveCfg = Debug|iPhoneSimulator
		{1DE99102-0D94-4116-A99A-FE35C42E9344}.Debug|iPhoneSimulator.Build.0 = Debug|iPhoneSimulator
		{1DE99102-0D94-4116-A99A-FE35C42E9344}.Debug|iPhoneSimulator.Deploy.0 = Debug|iPhoneSimulator
		{1DE99102-0D94-4116-A99A-FE35C42E9344}.Debug|x64.ActiveCfg = Debug|iPhoneSimulator
		{1DE99102-0D94-4116-A99A-FE35C42E9344}.Debug|x64.Build.0 = Debug|iPhoneSimulator
		{1DE99102-0D94-4116-A99A-FE35C42E9344}.Debug|x64.Deploy.0 = Debug|iPhoneSimulator
		{1DE99102-0D94-4116-A99A-FE35C42E9344}.Debug|x86.ActiveCfg = Debug|iPhoneSimulator
		{1DE99102-0D94-4116-A99A-FE35C42E9344}.Debug|x86.Build.0 = Debug|iPhoneSimulator
		{1DE99102-0D94-4116-A99A-FE35C42E9344}.Debug|x86.Deploy.0 = Debug|iPhoneSimulator
		{1DE99102-0D94-4116-A99A-FE35C42E9344}.Release|Any CPU.ActiveCfg = Release|iPhoneSimulator
		{1DE99102-0D94-4116-A99A-FE35C42E9344}.Release|Any CPU.Build.0 = Release|iPhoneSimulator
		{1DE99102-0D94-4116-A99A-FE35C42E9344}.Release|Any CPU.Deploy.0 = Release|iPhoneSimulator
		{1DE99102-0D94-4116-A99A-FE35C42E9344}.Release|ARM.ActiveCfg = Release|iPhoneSimulator
		{1DE99102-0D94-4116-A99A-FE35C42E9344}.Release|ARM.Build.0 = Release|iPhoneSimulator
		{1DE99102-0D94-4116-A99A-FE35C42E9344}.Release|ARM.Deploy.0 = Release|iPhoneSimulator
		{1DE99102-0D94-4116-A99A-FE35C42E9344}.Release|iPhone.ActiveCfg = Release|iPhone
		{1DE99102-0D94-4116-A99A-FE35C42E9344}.Release|iPhone.Build.0 = Release|iPhone
		{1DE99102-0D94-4116-A99A-FE35C42E9344}.Release|iPhone.Deploy.0 = Release|iPhone
		{1DE99102-0D94-4116-A99A-FE35C42E9344}.Release|iPhoneSimulator.ActiveCfg = Release|iPhoneSimulator
		{1DE99102-0D94-4116-A99A-FE35C42E9344}.Release|iPhoneSimulator.Build.0 = Release|iPhoneSimulator
		{1DE99102-0D94-4116-A99A-FE35C42E9344}.Release|iPhoneSimulator.Deploy.0 = Release|iPhoneSimulator
		{1DE99102-0D94-4116-A99A-FE35C42E9344}.Release|x64.ActiveCfg = Release|iPhoneSimulator
		{1DE99102-0D94-4116-A99A-FE35C42E9344}.Release|x64.Build.0 = Release|iPhoneSimulator
		{1DE99102-0D94-4116-A99A-FE35C42E9344}.Release|x64.Deploy.0 = Release|iPhoneSimulator
		{1DE99102-0D94-4116-A99A-FE35C42E9344}.Release|x86.ActiveCfg = Release|iPhoneSimulator
		{1DE99102-0D94-4116-A99A-FE35C42E9344}.Release|x86.Build.0 = Release|iPhoneSimulator
		{1DE99102-0D94-4116-A99A-FE35C42E9344}.Release|x86.Deploy.0 = Release|iPhoneSimulator
		{172BF22A-D35A-48D7-94A9-DC1604622A02}.Debug|Any CPU.ActiveCfg = Debug|Any CPU
		{172BF22A-D35A-48D7-94A9-DC1604622A02}.Debug|Any CPU.Build.0 = Debug|Any CPU
		{172BF22A-D35A-48D7-94A9-DC1604622A02}.Debug|Any CPU.Deploy.0 = Debug|Any CPU
		{172BF22A-D35A-48D7-94A9-DC1604622A02}.Debug|ARM.ActiveCfg = Debug|Any CPU
		{172BF22A-D35A-48D7-94A9-DC1604622A02}.Debug|ARM.Build.0 = Debug|Any CPU
		{172BF22A-D35A-48D7-94A9-DC1604622A02}.Debug|ARM.Deploy.0 = Debug|Any CPU
		{172BF22A-D35A-48D7-94A9-DC1604622A02}.Debug|iPhone.ActiveCfg = Debug|Any CPU
		{172BF22A-D35A-48D7-94A9-DC1604622A02}.Debug|iPhone.Build.0 = Debug|Any CPU
		{172BF22A-D35A-48D7-94A9-DC1604622A02}.Debug|iPhone.Deploy.0 = Debug|Any CPU
		{172BF22A-D35A-48D7-94A9-DC1604622A02}.Debug|iPhoneSimulator.ActiveCfg = Debug|Any CPU
		{172BF22A-D35A-48D7-94A9-DC1604622A02}.Debug|iPhoneSimulator.Build.0 = Debug|Any CPU
		{172BF22A-D35A-48D7-94A9-DC1604622A02}.Debug|iPhoneSimulator.Deploy.0 = Debug|Any CPU
		{172BF22A-D35A-48D7-94A9-DC1604622A02}.Debug|x64.ActiveCfg = Debug|Any CPU
		{172BF22A-D35A-48D7-94A9-DC1604622A02}.Debug|x64.Build.0 = Debug|Any CPU
		{172BF22A-D35A-48D7-94A9-DC1604622A02}.Debug|x64.Deploy.0 = Debug|Any CPU
		{172BF22A-D35A-48D7-94A9-DC1604622A02}.Debug|x86.ActiveCfg = Debug|Any CPU
		{172BF22A-D35A-48D7-94A9-DC1604622A02}.Debug|x86.Build.0 = Debug|Any CPU
		{172BF22A-D35A-48D7-94A9-DC1604622A02}.Debug|x86.Deploy.0 = Debug|Any CPU
		{172BF22A-D35A-48D7-94A9-DC1604622A02}.Release|Any CPU.ActiveCfg = Release|Any CPU
		{172BF22A-D35A-48D7-94A9-DC1604622A02}.Release|Any CPU.Build.0 = Release|Any CPU
		{172BF22A-D35A-48D7-94A9-DC1604622A02}.Release|Any CPU.Deploy.0 = Release|Any CPU
		{172BF22A-D35A-48D7-94A9-DC1604622A02}.Release|ARM.ActiveCfg = Release|Any CPU
		{172BF22A-D35A-48D7-94A9-DC1604622A02}.Release|ARM.Build.0 = Release|Any CPU
		{172BF22A-D35A-48D7-94A9-DC1604622A02}.Release|ARM.Deploy.0 = Release|Any CPU
		{172BF22A-D35A-48D7-94A9-DC1604622A02}.Release|iPhone.ActiveCfg = Release|Any CPU
		{172BF22A-D35A-48D7-94A9-DC1604622A02}.Release|iPhone.Build.0 = Release|Any CPU
		{172BF22A-D35A-48D7-94A9-DC1604622A02}.Release|iPhone.Deploy.0 = Release|Any CPU
		{172BF22A-D35A-48D7-94A9-DC1604622A02}.Release|iPhoneSimulator.ActiveCfg = Release|Any CPU
		{172BF22A-D35A-48D7-94A9-DC1604622A02}.Release|iPhoneSimulator.Build.0 = Release|Any CPU
		{172BF22A-D35A-48D7-94A9-DC1604622A02}.Release|iPhoneSimulator.Deploy.0 = Release|Any CPU
		{172BF22A-D35A-48D7-94A9-DC1604622A02}.Release|x64.ActiveCfg = Release|Any CPU
		{172BF22A-D35A-48D7-94A9-DC1604622A02}.Release|x64.Build.0 = Release|Any CPU
		{172BF22A-D35A-48D7-94A9-DC1604622A02}.Release|x64.Deploy.0 = Release|Any CPU
		{172BF22A-D35A-48D7-94A9-DC1604622A02}.Release|x86.ActiveCfg = Release|Any CPU
		{172BF22A-D35A-48D7-94A9-DC1604622A02}.Release|x86.Build.0 = Release|Any CPU
		{172BF22A-D35A-48D7-94A9-DC1604622A02}.Release|x86.Deploy.0 = Release|Any CPU
	EndGlobalSection
	GlobalSection(SolutionProperties) = preSolution
		HideSolutionNode = FALSE
	EndGlobalSection
	GlobalSection(ExtensibilityGlobals) = postSolution
		SolutionGuid = {C63C0DE0-B494-4CFC-B45D-1D586CB07D47}
	EndGlobalSection
	GlobalSection(TeamFoundationVersionControl) = preSolution
		SccNumberOfProjects = 5
		SccEnterpriseProvider = {4CA58AB2-18FA-4F8D-95D4-32DDF27D184C}
		SccTeamFoundationServer = https://dev.azure.com/senactecinfo46
		SccLocalPath0 = .
		SccProjectUniqueName1 = Unibikers.App.UWP\\Unibikers.App.UWP.csproj
		SccProjectName1 = Unibikers.App.UWP
		SccLocalPath1 = Unibikers.App.UWP
		SccProjectUniqueName2 = Unibikers.App.Android\\Unibikers.App.Android.csproj
		SccProjectName2 = Unibikers.App.Android
		SccLocalPath2 = Unibikers.App.Android
		SccProjectUniqueName3 = Unibikers.App.iOS\\Unibikers.App.iOS.csproj
		SccProjectName3 = Unibikers.App.iOS
		SccLocalPath3 = Unibikers.App.iOS
		SccProjectUniqueName4 = Unibikers.App\\Unibikers.App.csproj
		SccProjectName4 = Unibikers.App
		SccLocalPath4 = Unibikers.App
	EndGlobalSection
EndGlobal
