
Microsoft Visual Studio Solution File, Format Version 12.00
# Visual Studio Version 16
VisualStudioVersion = 16.0.31402.337
MinimumVisualStudioVersion = 10.0.40219.1
Project("{FAE04EC0-301F-11D3-BF4B-00C04F79EFBC}") = "EstruturaForEach_Vetor", "EstruturaForEach_Vetor\EstruturaForEach_Vetor.csproj", "{73F1CBA2-A6FA-4F02-80C2-011D8FE33DC7}"
EndProject
Global
	GlobalSection(SolutionConfigurationPlatforms) = preSolution
		Debug|Any CPU = Debug|Any CPU
		Release|Any CPU = Release|Any CPU
	EndGlobalSection
	GlobalSection(ProjectConfigurationPlatforms) = postSolution
		{73F1CBA2-A6FA-4F02-80C2-011D8FE33DC7}.Debug|Any CPU.ActiveCfg = Debug|Any CPU
		{73F1CBA2-A6FA-4F02-80C2-011D8FE33DC7}.Debug|Any CPU.Build.0 = Debug|Any CPU
		{73F1CBA2-A6FA-4F02-80C2-011D8FE33DC7}.Release|Any CPU.ActiveCfg = Release|Any CPU
		{73F1CBA2-A6FA-4F02-80C2-011D8FE33DC7}.Release|Any CPU.Build.0 = Release|Any CPU
	EndGlobalSection
	GlobalSection(SolutionProperties) = preSolution
		HideSolutionNode = FALSE
	EndGlobalSection
	GlobalSection(ExtensibilityGlobals) = postSolution
		SolutionGuid = {67891F42-9ACD-46FC-AAAF-7ADE796CE16E}
	EndGlobalSection
EndGlobal
