
Microsoft Visual Studio Solution File, Format Version 12.00
# Visual Studio Version 16
VisualStudioVersion = 16.0.31402.337
MinimumVisualStudioVersion = 10.0.40219.1
Project("{E24C65DC-7377-472B-9ABA-BC803B73C61A}") = "Sites", ".", "{509C5CF1-3B40-428F-B099-0BD1D4105EEC}"
	ProjectSection(WebsiteProperties) = preProject
		TargetFrameworkMoniker = ".NETFramework,Version%3Dv4.0"
		Debug.AspNetCompiler.VirtualPath = "/localhost_64355"
		Debug.AspNetCompiler.PhysicalPath = "..\..\..\OneDrive\Área de Trabalho\SENAC\UC15\Sites\"
		Debug.AspNetCompiler.TargetPath = "PrecompiledWeb\localhost_64355\"
		Debug.AspNetCompiler.Updateable = "true"
		Debug.AspNetCompiler.ForceOverwrite = "true"
		Debug.AspNetCompiler.FixedNames = "false"
		Debug.AspNetCompiler.Debug = "True"
		Release.AspNetCompiler.VirtualPath = "/localhost_64355"
		Release.AspNetCompiler.PhysicalPath = "..\..\..\OneDrive\Área de Trabalho\SENAC\UC15\Sites\"
		Release.AspNetCompiler.TargetPath = "PrecompiledWeb\localhost_64355\"
		Release.AspNetCompiler.Updateable = "true"
		Release.AspNetCompiler.ForceOverwrite = "true"
		Release.AspNetCompiler.FixedNames = "false"
		Release.AspNetCompiler.Debug = "False"
		VWDPort = "64355"
	EndProjectSection
EndProject
Global
	GlobalSection(SolutionConfigurationPlatforms) = preSolution
		Debug|Any CPU = Debug|Any CPU
	EndGlobalSection
	GlobalSection(ProjectConfigurationPlatforms) = postSolution
		{509C5CF1-3B40-428F-B099-0BD1D4105EEC}.Debug|Any CPU.ActiveCfg = Debug|Any CPU
		{509C5CF1-3B40-428F-B099-0BD1D4105EEC}.Debug|Any CPU.Build.0 = Debug|Any CPU
	EndGlobalSection
	GlobalSection(SolutionProperties) = preSolution
		HideSolutionNode = FALSE
	EndGlobalSection
	GlobalSection(ExtensibilityGlobals) = postSolution
		SolutionGuid = {EDA4FE2C-2DDD-48A9-A621-58134C9A21C7}
	EndGlobalSection
EndGlobal
